<Solution>
  <Folder Name="/src/">
    <Project Path="src/AlexDuzik.EnumerationGenerator/AlexDuzik.EnumerationGenerator.csproj" />
  </Folder>
  <Folder Name="/test/">
    <Project Path="test/AlexDuzik.EnumerationGenerator.Tests/AlexDuzik.EnumerationGenerator.Tests.csproj" />
  </Folder>
</Solution>
